// !$*UTF8*$!
{
	archiveVersion = 1;
	classes = {
	};
	objectVersion = 48;
	objects = {

/* Begin PBXBuildFile section */
		18747AFC1BFDD0C60010CAA3 /* MessageProcessor.mm in Sources */ = {isa = PBXBuildFile; fileRef = 18747AEC1BFDD0C50010CAA3 /* MessageProcessor.mm */; };
		18747AFD1BFDD0C60010CAA3 /* RingBuffer.mm in Sources */ = {isa = PBXBuildFile; fileRef = 18747AEF1BFDD0C50010CAA3 /* RingBuffer.mm */; };
		18747AFE1BFDD0C60010CAA3 /* VideoAPI.mm in Sources */ = {isa = PBXBuildFile; fileRef = 18747AF11BFDD0C50010CAA3 /* VideoAPI.mm */; };
		18747AFF1BFDD0C60010CAA3 /* VideoCameraProcessor.mm in Sources */ = {isa = PBXBuildFile; fileRef = 18747AF31BFDD0C60010CAA3 /* VideoCameraProcessor.mm */; };
		18747B001BFDD0C60010CAA3 /* VideoConverter.mm in Sources */ = {isa = PBXBuildFile; fileRef = 18747AF51BFDD0C60010CAA3 /* VideoConverter.mm */; };
		18747B011BFDD0C60010CAA3 /* VideoSockets.mm in Sources */ = {isa = PBXBuildFile; fileRef = 18747AF71BFDD0C60010CAA3 /* VideoSockets.mm */; };
		18747B021BFDD0C60010CAA3 /* VideoThreadProcessor.mm in Sources */ = {isa = PBXBuildFile; fileRef = 18747AF91BFDD0C60010CAA3 /* VideoThreadProcessor.mm */; };
		1B3C9A27139D4E0F0042676B /* CoreVideo.framework in Frameworks */ = {isa = PBXBuildFile; fileRef = 1B3C9A26139D4E0F0042676B /* CoreVideo.framework */; };
		1B3C9A2C139D4E1C0042676B /* CoreImage.framework in Frameworks */ = {isa = PBXBuildFile; fileRef = 1B3C9A2B139D4E1C0042676B /* CoreImage.framework */; };
		1B3C9A2E139D4E350042676B /* AssetsLibrary.framework in Frameworks */ = {isa = PBXBuildFile; fileRef = 1B3C9A2D139D4E350042676B /* AssetsLibrary.framework */; };
		1B3C9A30139D4E5F0042676B /* CoreMedia.framework in Frameworks */ = {isa = PBXBuildFile; fileRef = 1B3C9A2F139D4E5F0042676B /* CoreMedia.framework */; };
		1B3C9A32139D4E740042676B /* QuartzCore.framework in Frameworks */ = {isa = PBXBuildFile; fileRef = 1B3C9A31139D4E740042676B /* QuartzCore.framework */; };
		1B3C9A34139D4EAA0042676B /* ImageIO.framework in Frameworks */ = {isa = PBXBuildFile; fileRef = 1B3C9A33139D4EAA0042676B /* ImageIO.framework */; };
		1B867FDD139D4AD300AD6B47 /* UIKit.framework in Frameworks */ = {isa = PBXBuildFile; fileRef = 1B867FDC139D4AD300AD6B47 /* UIKit.framework */; };
		1B867FDF139D4AD300AD6B47 /* Foundation.framework in Frameworks */ = {isa = PBXBuildFile; fileRef = 1B867FDE139D4AD300AD6B47 /* Foundation.framework */; };
		1B867FE1139D4AD300AD6B47 /* CoreGraphics.framework in Frameworks */ = {isa = PBXBuildFile; fileRef = 1B867FE0139D4AD300AD6B47 /* CoreGraphics.framework */; };
		1B867FF0139D4AD300AD6B47 /* MainStoryboard_iPhone.storyboard in Resources */ = {isa = PBXBuildFile; fileRef = 1B867FEE139D4AD300AD6B47 /* MainStoryboard_iPhone.storyboard */; };
		1B867FF3139D4AD300AD6B47 /* MainStoryboard_iPad.storyboard in Resources */ = {isa = PBXBuildFile; fileRef = 1B867FF1139D4AD300AD6B47 /* MainStoryboard_iPad.storyboard */; };
		2B0EF002170E3E27008EDA06 /* TestCameraViewController.mm in Sources */ = {isa = PBXBuildFile; fileRef = 2B0EF001170E3E27008EDA06 /* TestCameraViewController.mm */; };
		2BA4850713F1E6AA000BABB3 /* TestCameraAppDelegate.m in Sources */ = {isa = PBXBuildFile; fileRef = 2BA4850413F1E6AA000BABB3 /* TestCameraAppDelegate.m */; };
		2BA4851713F1E6DB000BABB3 /* main.mm in Sources */ = {isa = PBXBuildFile; fileRef = 2BA4851313F1E6DB000BABB3 /* main.mm */; };
		DA07AA621DE2C3D800402BB9 /* Common.mm in Sources */ = {isa = PBXBuildFile; fileRef = DA07AA611DE2C3D800402BB9 /* Common.mm */; };
		DA19F6D9201706500089C02D /* Rotate_Assembly_aarch64.S in Sources */ = {isa = PBXBuildFile; fileRef = DA19F6D6201706500089C02D /* Rotate_Assembly_aarch64.S */; };
		DA5222AC1DC5CF62000EB084 /* AverageCalculator.cpp in Sources */ = {isa = PBXBuildFile; fileRef = DA5222AA1DC5CF62000EB084 /* AverageCalculator.cpp */; };
		DA5AF08D2073808C00AB603F /* BeautificationFilter.cpp in Sources */ = {isa = PBXBuildFile; fileRef = DA5AF08B2073808C00AB603F /* BeautificationFilter.cpp */; };
		DA7B6AF41E6D2B6B00AC19C3 /* endBtn.png in Resources */ = {isa = PBXBuildFile; fileRef = DA7B6AF21E6D2B6B00AC19C3 /* endBtn.png */; };
		DA7B6AF51E6D2B6B00AC19C3 /* startBtn.png in Resources */ = {isa = PBXBuildFile; fileRef = DA7B6AF31E6D2B6B00AC19C3 /* startBtn.png */; };
		DA7B6AF71E6D30D300AC19C3 /* appIcon.png in Resources */ = {isa = PBXBuildFile; fileRef = DA7B6AF61E6D30D300AC19C3 /* appIcon.png */; };
		DA7B6AFE1E6D348500AC19C3 /* iPhone_2x_AppIcon.png in Resources */ = {isa = PBXBuildFile; fileRef = DA7B6AF81E6D348500AC19C3 /* iPhone_2x_AppIcon.png */; };
		DA7B6AFF1E6D348500AC19C3 /* iPhone_2x_settings.png in Resources */ = {isa = PBXBuildFile; fileRef = DA7B6AF91E6D348500AC19C3 /* iPhone_2x_settings.png */; };
		DA7B6B001E6D348500AC19C3 /* iPhone_2x_spotlight.png in Resources */ = {isa = PBXBuildFile; fileRef = DA7B6AFA1E6D348500AC19C3 /* iPhone_2x_spotlight.png */; };
		DA7B6B011E6D348500AC19C3 /* iphone_3x_appicon.png in Resources */ = {isa = PBXBuildFile; fileRef = DA7B6AFB1E6D348500AC19C3 /* iphone_3x_appicon.png */; };
		DA7B6B021E6D348500AC19C3 /* iphone_3x_settings.png in Resources */ = {isa = PBXBuildFile; fileRef = DA7B6AFC1E6D348500AC19C3 /* iphone_3x_settings.png */; };
		DA7B6B031E6D348500AC19C3 /* iphone_3x_spotlight.png in Resources */ = {isa = PBXBuildFile; fileRef = DA7B6AFD1E6D348500AC19C3 /* iphone_3x_spotlight.png */; };
		DA7CE48C1E6FFD97008895E5 /* AudioRouter.m in Sources */ = {isa = PBXBuildFile; fileRef = DA7CE4811E6FFD97008895E5 /* AudioRouter.m */; };
		DA7CE48D1E6FFD97008895E5 /* AudioSessionManager.m in Sources */ = {isa = PBXBuildFile; fileRef = DA7CE4831E6FFD97008895E5 /* AudioSessionManager.m */; };
		DA7CE48E1E6FFD97008895E5 /* BufferQueue.m in Sources */ = {isa = PBXBuildFile; fileRef = DA7CE4851E6FFD97008895E5 /* BufferQueue.m */; };
		DA7CE48F1E6FFD97008895E5 /* G729Wrapper.mm in Sources */ = {isa = PBXBuildFile; fileRef = DA7CE4871E6FFD97008895E5 /* G729Wrapper.mm */; };
		DA7CE4901E6FFD97008895E5 /* RingCallAudioManager.mm in Sources */ = {isa = PBXBuildFile; fileRef = DA7CE4891E6FFD97008895E5 /* RingCallAudioManager.mm */; };
		DA7CE4911E6FFD97008895E5 /* SharkfoodMuteSwitchDetector.m in Sources */ = {isa = PBXBuildFile; fileRef = DA7CE48B1E6FFD97008895E5 /* SharkfoodMuteSwitchDetector.m */; };
		DA7CE4961E6FFE82008895E5 /* TPCircularBuffer.c in Sources */ = {isa = PBXBuildFile; fileRef = DA7CE4921E6FFE82008895E5 /* TPCircularBuffer.c */; };
		DA7CE4971E6FFE82008895E5 /* TPCircularBuffer+AudioBufferList.c in Sources */ = {isa = PBXBuildFile; fileRef = DA7CE4941E6FFE82008895E5 /* TPCircularBuffer+AudioBufferList.c */; };
		DA7FCB3C1E7512710035AA4C /* MediaPlayer.framework in Frameworks */ = {isa = PBXBuildFile; fileRef = DA7FCB3B1E7512710035AA4C /* MediaPlayer.framework */; };
		DA7FCB441E7512FE0035AA4C /* SystemConfiguration.framework in Frameworks */ = {isa = PBXBuildFile; fileRef = DA7FCB431E7512FE0035AA4C /* SystemConfiguration.framework */; };
		DA835D861E6C5A6200C75A79 /* AppAsset.xcassets in Resources */ = {isa = PBXBuildFile; fileRef = DA835D851E6C5A6200C75A79 /* AppAsset.xcassets */; };
		DA94BC4D205E7BBA00619B25 /* Crop_YUVNV12_YUVNV21_Assembly_arm64.S in Sources */ = {isa = PBXBuildFile; fileRef = DA94BC4C205E7BBA00619B25 /* Crop_YUVNV12_YUVNV21_Assembly_arm64.S */; };
		DA971EFC1E07A9D600645151 /* FastBilateral.mm in Sources */ = {isa = PBXBuildFile; fileRef = DA971EFB1E07A9D600645151 /* FastBilateral.mm */; };
		DAA14B75201887E600F0872F /* NE10_rotate.neon.S in Sources */ = {isa = PBXBuildFile; fileRef = DAA14B72201887E600F0872F /* NE10_rotate.neon.S */; };
		DAA314452070A93E007ACFB1 /* BeautificationFilterForChannel_arm_aarch64.S in Sources */ = {isa = PBXBuildFile; fileRef = DAA314442070A93E007ACFB1 /* BeautificationFilterForChannel_arm_aarch64.S */; };
		DAA314492070A955007ACFB1 /* BeautificationFilterForChannel_arm_aarch32.S in Sources */ = {isa = PBXBuildFile; fileRef = DAA314482070A955007ACFB1 /* BeautificationFilterForChannel_arm_aarch32.S */; };
		DAA66F0D20398955006EB546 /* libAudioVideoEngine.a in Frameworks */ = {isa = PBXBuildFile; fileRef = DAA66F0C20398955006EB546 /* libAudioVideoEngine.a */; };
		DAA66F0F2039895E006EB546 /* libRingIDSDK.a in Frameworks */ = {isa = PBXBuildFile; fileRef = DAA66F0E2039895E006EB546 /* libRingIDSDK.a */; };
		DAAE44FF1F28BB4C00BC5FA1 /* TestNeonAssembly.cpp in Sources */ = {isa = PBXBuildFile; fileRef = DAAE44FD1F28BB4C00BC5FA1 /* TestNeonAssembly.cpp */; };
		DAB40B7E1FC144F4002FCE60 /* Dump_h264_annexb_cut.h264 in Resources */ = {isa = PBXBuildFile; fileRef = DAB40B7D1FC144F4002FCE60 /* Dump_h264_annexb_cut.h264 */; };
		DAB40B801FC150E4002FCE60 /* FileDump.h264 in Resources */ = {isa = PBXBuildFile; fileRef = DAB40B7F1FC150E3002FCE60 /* FileDump.h264 */; };
		DAB614C61FC04294009B497E /* ExternalVideoProcessingViewController.mm in Sources */ = {isa = PBXBuildFile; fileRef = DAB614C51FC04294009B497E /* ExternalVideoProcessingViewController.mm */; };
		DAB86FF02015C4B1004E0415 /* MainStoryboard_iPhone.storyboard in Resources */ = {isa = PBXBuildFile; fileRef = DAB86FEE2015C4B1004E0415 /* MainStoryboard_iPhone.storyboard */; };
		DAB86FF12015C4B1004E0415 /* MainStoryboard_iPad.storyboard in Resources */ = {isa = PBXBuildFile; fileRef = DAB86FEF2015C4B1004E0415 /* MainStoryboard_iPad.storyboard */; };
		DAB86FF52015C512004E0415 /* Info.plist in Resources */ = {isa = PBXBuildFile; fileRef = DAB86FF42015C512004E0415 /* Info.plist */; };
		DAB86FF92015C586004E0415 /* Neon_Assembly.S in Sources */ = {isa = PBXBuildFile; fileRef = DAB86FF62015C586004E0415 /* Neon_Assembly.S */; };
		DAB86FFA2015C586004E0415 /* DownScaleOneFourthAssembly.S in Sources */ = {isa = PBXBuildFile; fileRef = DAB86FF72015C586004E0415 /* DownScaleOneFourthAssembly.S */; };
		DAB86FFB2015C586004E0415 /* mirror_YUV420_Assembly.S in Sources */ = {isa = PBXBuildFile; fileRef = DAB86FF82015C586004E0415 /* mirror_YUV420_Assembly.S */; };
		DAB86FFF2015C58F004E0415 /* mirror_YUV420_Assembly_arm64.S in Sources */ = {isa = PBXBuildFile; fileRef = DAB86FFC2015C58F004E0415 /* mirror_YUV420_Assembly_arm64.S */; };
		DAB870002015C58F004E0415 /* DownScaleOneFourthAssembly_arm64.S in Sources */ = {isa = PBXBuildFile; fileRef = DAB86FFD2015C58F004E0415 /* DownScaleOneFourthAssembly_arm64.S */; };
		DAB870012015C58F004E0415 /* Neon_Assembly_aarch64.S in Sources */ = {isa = PBXBuildFile; fileRef = DAB86FFE2015C58F004E0415 /* Neon_Assembly_aarch64.S */; };
		DAC7C1E51E7544850045242C /* ClientRenderingBuffer.cpp in Sources */ = {isa = PBXBuildFile; fileRef = DAC7C1E31E7544850045242C /* ClientRenderingBuffer.cpp */; };
		DAC7C1EC1E7546180045242C /* ClientLockHandler.cpp in Sources */ = {isa = PBXBuildFile; fileRef = DAC7C1E81E7546180045242C /* ClientLockHandler.cpp */; };
		DAC984B9206628A2008DF06C /* Crop_YUVNV12_YUVNV21_Assembly_arm32.S in Sources */ = {isa = PBXBuildFile; fileRef = DAC984B8206628A2008DF06C /* Crop_YUVNV12_YUVNV21_Assembly_arm32.S */; };
		DAC984BF206661E9008DF06C /* ConvertNV21ToI420_arm64.S in Sources */ = {isa = PBXBuildFile; fileRef = DAC984BE206661E9008DF06C /* ConvertNV21ToI420_arm64.S */; };
		DAC984C320666201008DF06C /* ConvertNV21ToI420_arm32.S in Sources */ = {isa = PBXBuildFile; fileRef = DAC984C220666201008DF06C /* ConvertNV21ToI420_arm32.S */; };
/* End PBXBuildFile section */

/* Begin PBXContainerItemProxy section */
		DA7C89E91DEE91C3002C939F /* PBXContainerItemProxy */ = {
			isa = PBXContainerItemProxy;
			containerPortal = DA7C89E51DEE91C2002C939F /* RingIDSDK.xcodeproj */;
			proxyType = 2;
			remoteGlobalIDString = FF6FF2741C0B218200CD104A;
			remoteInfo = RingIDSDK;
		};
		DABC85D71F65874100F25F17 /* PBXContainerItemProxy */ = {
			isa = PBXContainerItemProxy;
			containerPortal = DABC85D31F65874100F25F17 /* AudioVideoEngine.xcodeproj */;
			proxyType = 2;
			remoteGlobalIDString = 1852B3471BCE1D3A000FF5C4;
			remoteInfo = AudioVideoEngine;
		};
/* End PBXContainerItemProxy section */

/* Begin PBXFileReference section */
		18747AE91BFDD0C50010CAA3 /* Constants.h */ = {isa = PBXFileReference; fileEncoding = 4; lastKnownFileType = sourcecode.c.h; name = Constants.h; path = TestCamera/VideoTeam/Constants.h; sourceTree = "<group>"; };
		18747AEA1BFDD0C50010CAA3 /* CustomPrintf.h */ = {isa = PBXFileReference; fileEncoding = 4; lastKnownFileType = sourcecode.c.h; name = CustomPrintf.h; path = TestCamera/VideoTeam/CustomPrintf.h; sourceTree = "<group>"; };
		18747AEC1BFDD0C50010CAA3 /* MessageProcessor.mm */ = {isa = PBXFileReference; fileEncoding = 4; lastKnownFileType = sourcecode.cpp.objcpp; name = MessageProcessor.mm; path = TestCamera/VideoTeam/MessageProcessor.mm; sourceTree = "<group>"; };
		18747AED1BFDD0C50010CAA3 /* MessageProcessor.hpp */ = {isa = PBXFileReference; fileEncoding = 4; lastKnownFileType = sourcecode.cpp.h; name = MessageProcessor.hpp; path = TestCamera/VideoTeam/MessageProcessor.hpp; sourceTree = "<group>"; };
		18747AEE1BFDD0C50010CAA3 /* RingBuffer.hpp */ = {isa = PBXFileReference; fileEncoding = 4; lastKnownFileType = sourcecode.cpp.h; name = RingBuffer.hpp; path = TestCamera/VideoTeam/RingBuffer.hpp; sourceTree = "<group>"; };
		18747AEF1BFDD0C50010CAA3 /* RingBuffer.mm */ = {isa = PBXFileReference; fileEncoding = 4; lastKnownFileType = sourcecode.cpp.objcpp; name = RingBuffer.mm; path = TestCamera/VideoTeam/RingBuffer.mm; sourceTree = "<group>"; };
		18747AF01BFDD0C50010CAA3 /* VideoAPI.hpp */ = {isa = PBXFileReference; fileEncoding = 4; lastKnownFileType = sourcecode.cpp.h; name = VideoAPI.hpp; path = TestCamera/VideoTeam/VideoAPI.hpp; sourceTree = "<group>"; };
		18747AF11BFDD0C50010CAA3 /* VideoAPI.mm */ = {isa = PBXFileReference; fileEncoding = 4; lastKnownFileType = sourcecode.cpp.objcpp; name = VideoAPI.mm; path = TestCamera/VideoTeam/VideoAPI.mm; sourceTree = "<group>"; };
		18747AF21BFDD0C60010CAA3 /* VideoCameraProcessor.h */ = {isa = PBXFileReference; fileEncoding = 4; lastKnownFileType = sourcecode.c.h; name = VideoCameraProcessor.h; path = TestCamera/VideoTeam/VideoCameraProcessor.h; sourceTree = "<group>"; };
		18747AF31BFDD0C60010CAA3 /* VideoCameraProcessor.mm */ = {isa = PBXFileReference; fileEncoding = 4; lastKnownFileType = sourcecode.cpp.objcpp; name = VideoCameraProcessor.mm; path = TestCamera/VideoTeam/VideoCameraProcessor.mm; sourceTree = "<group>"; };
		18747AF41BFDD0C60010CAA3 /* VideoConverter.hpp */ = {isa = PBXFileReference; fileEncoding = 4; lastKnownFileType = sourcecode.cpp.h; name = VideoConverter.hpp; path = TestCamera/VideoTeam/VideoConverter.hpp; sourceTree = "<group>"; };
		18747AF51BFDD0C60010CAA3 /* VideoConverter.mm */ = {isa = PBXFileReference; fileEncoding = 4; lastKnownFileType = sourcecode.cpp.objcpp; name = VideoConverter.mm; path = TestCamera/VideoTeam/VideoConverter.mm; sourceTree = "<group>"; };
		18747AF61BFDD0C60010CAA3 /* VideoSockets.h */ = {isa = PBXFileReference; fileEncoding = 4; lastKnownFileType = sourcecode.c.h; name = VideoSockets.h; path = TestCamera/VideoTeam/VideoSockets.h; sourceTree = "<group>"; };
		18747AF71BFDD0C60010CAA3 /* VideoSockets.mm */ = {isa = PBXFileReference; fileEncoding = 4; lastKnownFileType = sourcecode.cpp.objcpp; name = VideoSockets.mm; path = TestCamera/VideoTeam/VideoSockets.mm; sourceTree = "<group>"; };
		18747AF81BFDD0C60010CAA3 /* VideoThreadProcessor.h */ = {isa = PBXFileReference; fileEncoding = 4; lastKnownFileType = sourcecode.c.h; name = VideoThreadProcessor.h; path = TestCamera/VideoTeam/VideoThreadProcessor.h; sourceTree = "<group>"; };
		18747AF91BFDD0C60010CAA3 /* VideoThreadProcessor.mm */ = {isa = PBXFileReference; fileEncoding = 4; lastKnownFileType = sourcecode.cpp.objcpp; name = VideoThreadProcessor.mm; path = TestCamera/VideoTeam/VideoThreadProcessor.mm; sourceTree = "<group>"; };
		1B3C9A26139D4E0F0042676B /* CoreVideo.framework */ = {isa = PBXFileReference; lastKnownFileType = wrapper.framework; name = CoreVideo.framework; path = System/Library/Frameworks/CoreVideo.framework; sourceTree = SDKROOT; };
		1B3C9A29139D4E150042676B /* AVFoundation.framework */ = {isa = PBXFileReference; lastKnownFileType = wrapper.framework; name = AVFoundation.framework; path = System/Library/Frameworks/AVFoundation.framework; sourceTree = SDKROOT; };
		1B3C9A2B139D4E1C0042676B /* CoreImage.framework */ = {isa = PBXFileReference; lastKnownFileType = wrapper.framework; name = CoreImage.framework; path = System/Library/Frameworks/CoreImage.framework; sourceTree = SDKROOT; };
		1B3C9A2D139D4E350042676B /* AssetsLibrary.framework */ = {isa = PBXFileReference; lastKnownFileType = wrapper.framework; name = AssetsLibrary.framework; path = System/Library/Frameworks/AssetsLibrary.framework; sourceTree = SDKROOT; };
		1B3C9A2F139D4E5F0042676B /* CoreMedia.framework */ = {isa = PBXFileReference; lastKnownFileType = wrapper.framework; name = CoreMedia.framework; path = System/Library/Frameworks/CoreMedia.framework; sourceTree = SDKROOT; };
		1B3C9A31139D4E740042676B /* QuartzCore.framework */ = {isa = PBXFileReference; lastKnownFileType = wrapper.framework; name = QuartzCore.framework; path = System/Library/Frameworks/QuartzCore.framework; sourceTree = SDKROOT; };
		1B3C9A33139D4EAA0042676B /* ImageIO.framework */ = {isa = PBXFileReference; lastKnownFileType = wrapper.framework; name = ImageIO.framework; path = System/Library/Frameworks/ImageIO.framework; sourceTree = SDKROOT; };
		1B867FD8139D4AD300AD6B47 /* MediaEngine.app */ = {isa = PBXFileReference; explicitFileType = wrapper.application; includeInIndex = 0; path = MediaEngine.app; sourceTree = BUILT_PRODUCTS_DIR; };
		1B867FDC139D4AD300AD6B47 /* UIKit.framework */ = {isa = PBXFileReference; lastKnownFileType = wrapper.framework; name = UIKit.framework; path = System/Library/Frameworks/UIKit.framework; sourceTree = SDKROOT; };
		1B867FDE139D4AD300AD6B47 /* Foundation.framework */ = {isa = PBXFileReference; lastKnownFileType = wrapper.framework; name = Foundation.framework; path = System/Library/Frameworks/Foundation.framework; sourceTree = SDKROOT; };
		1B867FE0139D4AD300AD6B47 /* CoreGraphics.framework */ = {isa = PBXFileReference; lastKnownFileType = wrapper.framework; name = CoreGraphics.framework; path = System/Library/Frameworks/CoreGraphics.framework; sourceTree = SDKROOT; };
		2B0EF001170E3E27008EDA06 /* TestCameraViewController.mm */ = {isa = PBXFileReference; fileEncoding = 4; lastKnownFileType = sourcecode.cpp.objcpp; name = TestCameraViewController.mm; path = Controller/TestCameraViewController.mm; sourceTree = SOURCE_ROOT; };
		2BA4850313F1E6AA000BABB3 /* TestCameraAppDelegate.h */ = {isa = PBXFileReference; fileEncoding = 4; lastKnownFileType = sourcecode.c.h; path = TestCameraAppDelegate.h; sourceTree = SOURCE_ROOT; };
		2BA4850413F1E6AA000BABB3 /* TestCameraAppDelegate.m */ = {isa = PBXFileReference; fileEncoding = 4; lastKnownFileType = sourcecode.c.objc; path = TestCameraAppDelegate.m; sourceTree = SOURCE_ROOT; };
		2BA4850513F1E6AA000BABB3 /* TestCameraViewController.h */ = {isa = PBXFileReference; fileEncoding = 4; lastKnownFileType = sourcecode.c.h; name = TestCameraViewController.h; path = Controller/TestCameraViewController.h; sourceTree = SOURCE_ROOT; };
		2BA4851313F1E6DB000BABB3 /* main.mm */ = {isa = PBXFileReference; fileEncoding = 4; lastKnownFileType = sourcecode.cpp.objcpp; path = main.mm; sourceTree = SOURCE_ROOT; };
		DA07AA601DE2C35900402BB9 /* Common.hpp */ = {isa = PBXFileReference; fileEncoding = 4; lastKnownFileType = sourcecode.cpp.h; name = Common.hpp; path = TestCamera/VideoTeam/Common.hpp; sourceTree = "<group>"; };
		DA07AA611DE2C3D800402BB9 /* Common.mm */ = {isa = PBXFileReference; fileEncoding = 4; lastKnownFileType = sourcecode.cpp.objcpp; name = Common.mm; path = TestCamera/VideoTeam/Common.mm; sourceTree = "<group>"; };
		DA19F6D6201706500089C02D /* Rotate_Assembly_aarch64.S */ = {isa = PBXFileReference; fileEncoding = 4; lastKnownFileType = sourcecode.asm; path = Rotate_Assembly_aarch64.S; sourceTree = "<group>"; };
		DA5222AA1DC5CF62000EB084 /* AverageCalculator.cpp */ = {isa = PBXFileReference; fileEncoding = 4; lastKnownFileType = sourcecode.cpp.cpp; name = AverageCalculator.cpp; path = TestCamera/VideoTeam/AverageCalculator.cpp; sourceTree = "<group>"; };
		DA5222AB1DC5CF62000EB084 /* AverageCalculator.h */ = {isa = PBXFileReference; fileEncoding = 4; lastKnownFileType = sourcecode.c.h; name = AverageCalculator.h; path = TestCamera/VideoTeam/AverageCalculator.h; sourceTree = "<group>"; };
		DA5AF08B2073808C00AB603F /* BeautificationFilter.cpp */ = {isa = PBXFileReference; lastKnownFileType = sourcecode.cpp.cpp; name = BeautificationFilter.cpp; path = TestCamera/VideoTeam/BeautificationFilter.cpp; sourceTree = "<group>"; };
		DA5AF08C2073808C00AB603F /* BeautificationFilter.hpp */ = {isa = PBXFileReference; lastKnownFileType = sourcecode.cpp.h; name = BeautificationFilter.hpp; path = TestCamera/VideoTeam/BeautificationFilter.hpp; sourceTree = "<group>"; };
		DA7B6AF21E6D2B6B00AC19C3 /* endBtn.png */ = {isa = PBXFileReference; lastKnownFileType = image.png; name = endBtn.png; path = TestCamera/images/endBtn.png; sourceTree = "<group>"; };
		DA7B6AF31E6D2B6B00AC19C3 /* startBtn.png */ = {isa = PBXFileReference; lastKnownFileType = image.png; name = startBtn.png; path = TestCamera/images/startBtn.png; sourceTree = "<group>"; };
		DA7B6AF61E6D30D300AC19C3 /* appIcon.png */ = {isa = PBXFileReference; lastKnownFileType = image.png; name = appIcon.png; path = TestCamera/images/appIcon.png; sourceTree = "<group>"; };
		DA7B6AF81E6D348500AC19C3 /* iPhone_2x_AppIcon.png */ = {isa = PBXFileReference; lastKnownFileType = image.png; name = iPhone_2x_AppIcon.png; path = TestCamera/images/iPhone_2x_AppIcon.png; sourceTree = "<group>"; };
		DA7B6AF91E6D348500AC19C3 /* iPhone_2x_settings.png */ = {isa = PBXFileReference; lastKnownFileType = image.png; name = iPhone_2x_settings.png; path = TestCamera/images/iPhone_2x_settings.png; sourceTree = "<group>"; };
		DA7B6AFA1E6D348500AC19C3 /* iPhone_2x_spotlight.png */ = {isa = PBXFileReference; lastKnownFileType = image.png; name = iPhone_2x_spotlight.png; path = TestCamera/images/iPhone_2x_spotlight.png; sourceTree = "<group>"; };
		DA7B6AFB1E6D348500AC19C3 /* iphone_3x_appicon.png */ = {isa = PBXFileReference; lastKnownFileType = image.png; name = iphone_3x_appicon.png; path = TestCamera/images/iphone_3x_appicon.png; sourceTree = "<group>"; };
		DA7B6AFC1E6D348500AC19C3 /* iphone_3x_settings.png */ = {isa = PBXFileReference; lastKnownFileType = image.png; name = iphone_3x_settings.png; path = TestCamera/images/iphone_3x_settings.png; sourceTree = "<group>"; };
		DA7B6AFD1E6D348500AC19C3 /* iphone_3x_spotlight.png */ = {isa = PBXFileReference; lastKnownFileType = image.png; name = iphone_3x_spotlight.png; path = TestCamera/images/iphone_3x_spotlight.png; sourceTree = "<group>"; };
		DA7C89E51DEE91C2002C939F /* RingIDSDK.xcodeproj */ = {isa = PBXFileReference; lastKnownFileType = "wrapper.pb-project"; name = RingIDSDK.xcodeproj; path = "../IPV-RingIDSDK/RingIDSDK.xcodeproj"; sourceTree = "<group>"; };
		DA7CE47F1E6FFD0D008895E5 /* RingIDSDK.h */ = {isa = PBXFileReference; fileEncoding = 4; lastKnownFileType = sourcecode.c.h; name = RingIDSDK.h; path = TestCamera/VideoTeam/RingIDSDK.h; sourceTree = "<group>"; };
		DA7CE4801E6FFD97008895E5 /* AudioRouter.h */ = {isa = PBXFileReference; fileEncoding = 4; lastKnownFileType = sourcecode.c.h; name = AudioRouter.h; path = TestCamera/AudioTeam/AudioRouter.h; sourceTree = "<group>"; };
		DA7CE4811E6FFD97008895E5 /* AudioRouter.m */ = {isa = PBXFileReference; fileEncoding = 4; lastKnownFileType = sourcecode.c.objc; name = AudioRouter.m; path = TestCamera/AudioTeam/AudioRouter.m; sourceTree = "<group>"; };
		DA7CE4821E6FFD97008895E5 /* AudioSessionManager.h */ = {isa = PBXFileReference; fileEncoding = 4; lastKnownFileType = sourcecode.c.h; name = AudioSessionManager.h; path = TestCamera/AudioTeam/AudioSessionManager.h; sourceTree = "<group>"; };
		DA7CE4831E6FFD97008895E5 /* AudioSessionManager.m */ = {isa = PBXFileReference; fileEncoding = 4; lastKnownFileType = sourcecode.c.objc; name = AudioSessionManager.m; path = TestCamera/AudioTeam/AudioSessionManager.m; sourceTree = "<group>"; };
		DA7CE4841E6FFD97008895E5 /* BufferQueue.h */ = {isa = PBXFileReference; fileEncoding = 4; lastKnownFileType = sourcecode.c.h; name = BufferQueue.h; path = TestCamera/AudioTeam/BufferQueue.h; sourceTree = "<group>"; };
		DA7CE4851E6FFD97008895E5 /* BufferQueue.m */ = {isa = PBXFileReference; fileEncoding = 4; lastKnownFileType = sourcecode.c.objc; name = BufferQueue.m; path = TestCamera/AudioTeam/BufferQueue.m; sourceTree = "<group>"; };
		DA7CE4861E6FFD97008895E5 /* G729Wrapper.h */ = {isa = PBXFileReference; fileEncoding = 4; lastKnownFileType = sourcecode.c.h; name = G729Wrapper.h; path = TestCamera/AudioTeam/G729Wrapper.h; sourceTree = "<group>"; };
		DA7CE4871E6FFD97008895E5 /* G729Wrapper.mm */ = {isa = PBXFileReference; fileEncoding = 4; lastKnownFileType = sourcecode.cpp.objcpp; name = G729Wrapper.mm; path = TestCamera/AudioTeam/G729Wrapper.mm; sourceTree = "<group>"; };
		DA7CE4881E6FFD97008895E5 /* RingCallAudioManager.h */ = {isa = PBXFileReference; fileEncoding = 4; lastKnownFileType = sourcecode.c.h; name = RingCallAudioManager.h; path = TestCamera/AudioTeam/RingCallAudioManager.h; sourceTree = "<group>"; };
		DA7CE4891E6FFD97008895E5 /* RingCallAudioManager.mm */ = {isa = PBXFileReference; fileEncoding = 4; lastKnownFileType = sourcecode.cpp.objcpp; name = RingCallAudioManager.mm; path = TestCamera/AudioTeam/RingCallAudioManager.mm; sourceTree = "<group>"; };
		DA7CE48A1E6FFD97008895E5 /* SharkfoodMuteSwitchDetector.h */ = {isa = PBXFileReference; fileEncoding = 4; lastKnownFileType = sourcecode.c.h; name = SharkfoodMuteSwitchDetector.h; path = TestCamera/AudioTeam/SharkfoodMuteSwitchDetector.h; sourceTree = "<group>"; };
		DA7CE48B1E6FFD97008895E5 /* SharkfoodMuteSwitchDetector.m */ = {isa = PBXFileReference; fileEncoding = 4; lastKnownFileType = sourcecode.c.objc; name = SharkfoodMuteSwitchDetector.m; path = TestCamera/AudioTeam/SharkfoodMuteSwitchDetector.m; sourceTree = "<group>"; };
		DA7CE4921E6FFE82008895E5 /* TPCircularBuffer.c */ = {isa = PBXFileReference; fileEncoding = 4; lastKnownFileType = sourcecode.c.c; name = TPCircularBuffer.c; path = TestCamera/AudioTeam/TPCircularBuffer.c; sourceTree = "<group>"; };
		DA7CE4931E6FFE82008895E5 /* TPCircularBuffer.h */ = {isa = PBXFileReference; fileEncoding = 4; lastKnownFileType = sourcecode.c.h; name = TPCircularBuffer.h; path = TestCamera/AudioTeam/TPCircularBuffer.h; sourceTree = "<group>"; };
		DA7CE4941E6FFE82008895E5 /* TPCircularBuffer+AudioBufferList.c */ = {isa = PBXFileReference; fileEncoding = 4; lastKnownFileType = sourcecode.c.c; name = "TPCircularBuffer+AudioBufferList.c"; path = "TestCamera/AudioTeam/TPCircularBuffer+AudioBufferList.c"; sourceTree = "<group>"; };
		DA7CE4951E6FFE82008895E5 /* TPCircularBuffer+AudioBufferList.h */ = {isa = PBXFileReference; fileEncoding = 4; lastKnownFileType = sourcecode.c.h; name = "TPCircularBuffer+AudioBufferList.h"; path = "TestCamera/AudioTeam/TPCircularBuffer+AudioBufferList.h"; sourceTree = "<group>"; };
		DA7CE49A1E700092008895E5 /* CallCommonDefs.h */ = {isa = PBXFileReference; fileEncoding = 4; lastKnownFileType = sourcecode.c.h; name = CallCommonDefs.h; path = TestCamera/AudioTeam/CallCommonDefs.h; sourceTree = "<group>"; };
		DA7CE49B1E700092008895E5 /* CallCommonImports.h */ = {isa = PBXFileReference; fileEncoding = 4; lastKnownFileType = sourcecode.c.h; name = CallCommonImports.h; path = TestCamera/AudioTeam/CallCommonImports.h; sourceTree = "<group>"; };
		DA7CE49C1E700092008895E5 /* VoipConstants.h */ = {isa = PBXFileReference; fileEncoding = 4; lastKnownFileType = sourcecode.c.h; name = VoipConstants.h; path = TestCamera/AudioTeam/VoipConstants.h; sourceTree = "<group>"; };
		DA7FCB3B1E7512710035AA4C /* MediaPlayer.framework */ = {isa = PBXFileReference; lastKnownFileType = wrapper.framework; name = MediaPlayer.framework; path = System/Library/Frameworks/MediaPlayer.framework; sourceTree = SDKROOT; };
		DA7FCB431E7512FE0035AA4C /* SystemConfiguration.framework */ = {isa = PBXFileReference; lastKnownFileType = wrapper.framework; name = SystemConfiguration.framework; path = System/Library/Frameworks/SystemConfiguration.framework; sourceTree = SDKROOT; };
		DA835D851E6C5A6200C75A79 /* AppAsset.xcassets */ = {isa = PBXFileReference; lastKnownFileType = folder.assetcatalog; path = AppAsset.xcassets; sourceTree = "<group>"; };
		DA94BC4C205E7BBA00619B25 /* Crop_YUVNV12_YUVNV21_Assembly_arm64.S */ = {isa = PBXFileReference; lastKnownFileType = sourcecode.asm; path = Crop_YUVNV12_YUVNV21_Assembly_arm64.S; sourceTree = "<group>"; };
		DA971EFB1E07A9D600645151 /* FastBilateral.mm */ = {isa = PBXFileReference; fileEncoding = 4; lastKnownFileType = sourcecode.cpp.objcpp; name = FastBilateral.mm; path = TestCamera/VideoTeam/FastBilateral.mm; sourceTree = "<group>"; };
		DAA14B72201887E600F0872F /* NE10_rotate.neon.S */ = {isa = PBXFileReference; fileEncoding = 4; lastKnownFileType = sourcecode.asm; path = NE10_rotate.neon.S; sourceTree = "<group>"; };
		DAA314442070A93E007ACFB1 /* BeautificationFilterForChannel_arm_aarch64.S */ = {isa = PBXFileReference; lastKnownFileType = sourcecode.asm; path = BeautificationFilterForChannel_arm_aarch64.S; sourceTree = "<group>"; };
		DAA314482070A955007ACFB1 /* BeautificationFilterForChannel_arm_aarch32.S */ = {isa = PBXFileReference; lastKnownFileType = sourcecode.asm; path = BeautificationFilterForChannel_arm_aarch32.S; sourceTree = "<group>"; };
		DAA66F0C20398955006EB546 /* libAudioVideoEngine.a */ = {isa = PBXFileReference; lastKnownFileType = archive.ar; name = libAudioVideoEngine.a; path = "Build/Products/Release-iphoneos/libAudioVideoEngine.a"; sourceTree = "<group>"; };
		DAA66F0E2039895E006EB546 /* libRingIDSDK.a */ = {isa = PBXFileReference; lastKnownFileType = archive.ar; name = libRingIDSDK.a; path = "Build/Products/Release-iphoneos/libRingIDSDK.a"; sourceTree = "<group>"; };
		DAAE44FD1F28BB4C00BC5FA1 /* TestNeonAssembly.cpp */ = {isa = PBXFileReference; fileEncoding = 4; lastKnownFileType = sourcecode.cpp.cpp; path = TestNeonAssembly.cpp; sourceTree = "<group>"; };
		DAAE44FE1F28BB4C00BC5FA1 /* TestNeonAssembly.hpp */ = {isa = PBXFileReference; fileEncoding = 4; lastKnownFileType = sourcecode.cpp.h; path = TestNeonAssembly.hpp; sourceTree = "<group>"; };
		DAB40B7D1FC144F4002FCE60 /* Dump_h264_annexb_cut.h264 */ = {isa = PBXFileReference; lastKnownFileType = file; path = Dump_h264_annexb_cut.h264; sourceTree = "<group>"; };
		DAB40B7F1FC150E3002FCE60 /* FileDump.h264 */ = {isa = PBXFileReference; lastKnownFileType = file; path = FileDump.h264; sourceTree = "<group>"; };
		DAB614C41FC04294009B497E /* ExternalVideoProcessingViewController.h */ = {isa = PBXFileReference; lastKnownFileType = sourcecode.c.h; name = ExternalVideoProcessingViewController.h; path = Controller/ExternalVideoProcessingViewController.h; sourceTree = SOURCE_ROOT; };
		DAB614C51FC04294009B497E /* ExternalVideoProcessingViewController.mm */ = {isa = PBXFileReference; lastKnownFileType = sourcecode.cpp.objcpp; name = ExternalVideoProcessingViewController.mm; path = Controller/ExternalVideoProcessingViewController.mm; sourceTree = SOURCE_ROOT; };
		DAB86FEE2015C4B1004E0415 /* MainStoryboard_iPhone.storyboard */ = {isa = PBXFileReference; fileEncoding = 4; lastKnownFileType = file.storyboard; path = MainStoryboard_iPhone.storyboard; sourceTree = "<group>"; };
		DAB86FEF2015C4B1004E0415 /* MainStoryboard_iPad.storyboard */ = {isa = PBXFileReference; fileEncoding = 4; lastKnownFileType = file.storyboard; path = MainStoryboard_iPad.storyboard; sourceTree = "<group>"; };
		DAB86FF32015C512004E0415 /* Prefix.pch */ = {isa = PBXFileReference; fileEncoding = 4; lastKnownFileType = sourcecode.c.h; name = Prefix.pch; path = TestCamera/Prefix.pch; sourceTree = "<group>"; };
		DAB86FF42015C512004E0415 /* Info.plist */ = {isa = PBXFileReference; fileEncoding = 4; lastKnownFileType = text.plist.xml; name = Info.plist; path = TestCamera/Info.plist; sourceTree = "<group>"; };
		DAB86FF62015C586004E0415 /* Neon_Assembly.S */ = {isa = PBXFileReference; fileEncoding = 4; lastKnownFileType = sourcecode.asm; path = Neon_Assembly.S; sourceTree = "<group>"; };
		DAB86FF72015C586004E0415 /* DownScaleOneFourthAssembly.S */ = {isa = PBXFileReference; fileEncoding = 4; lastKnownFileType = sourcecode.asm; path = DownScaleOneFourthAssembly.S; sourceTree = "<group>"; };
		DAB86FF82015C586004E0415 /* mirror_YUV420_Assembly.S */ = {isa = PBXFileReference; fileEncoding = 4; lastKnownFileType = sourcecode.asm; path = mirror_YUV420_Assembly.S; sourceTree = "<group>"; };
		DAB86FFC2015C58F004E0415 /* mirror_YUV420_Assembly_arm64.S */ = {isa = PBXFileReference; fileEncoding = 4; lastKnownFileType = sourcecode.asm; path = mirror_YUV420_Assembly_arm64.S; sourceTree = "<group>"; };
		DAB86FFD2015C58F004E0415 /* DownScaleOneFourthAssembly_arm64.S */ = {isa = PBXFileReference; fileEncoding = 4; lastKnownFileType = sourcecode.asm; path = DownScaleOneFourthAssembly_arm64.S; sourceTree = "<group>"; };
		DAB86FFE2015C58F004E0415 /* Neon_Assembly_aarch64.S */ = {isa = PBXFileReference; fileEncoding = 4; lastKnownFileType = sourcecode.asm; path = Neon_Assembly_aarch64.S; sourceTree = "<group>"; };
		DABC85D31F65874100F25F17 /* AudioVideoEngine.xcodeproj */ = {isa = PBXFileReference; lastKnownFileType = "wrapper.pb-project"; name = AudioVideoEngine.xcodeproj; path = "../IPV-MediaEngine/builds/ios/AudioVideoEngine.xcodeproj"; sourceTree = "<group>"; };
		DAC7C1E31E7544850045242C /* ClientRenderingBuffer.cpp */ = {isa = PBXFileReference; fileEncoding = 4; lastKnownFileType = sourcecode.cpp.cpp; name = ClientRenderingBuffer.cpp; path = TestCamera/VideoTeam/ClientRenderingBuffer.cpp; sourceTree = "<group>"; };
		DAC7C1E41E7544850045242C /* ClientRenderingBuffer.h */ = {isa = PBXFileReference; fileEncoding = 4; lastKnownFileType = sourcecode.c.h; name = ClientRenderingBuffer.h; path = TestCamera/VideoTeam/ClientRenderingBuffer.h; sourceTree = "<group>"; };
		DAC7C1E81E7546180045242C /* ClientLockHandler.cpp */ = {isa = PBXFileReference; fileEncoding = 4; lastKnownFileType = sourcecode.cpp.cpp; name = ClientLockHandler.cpp; path = TestCamera/VideoTeam/ClientLockHandler.cpp; sourceTree = "<group>"; };
		DAC7C1E91E7546180045242C /* ClientLockHandler.h */ = {isa = PBXFileReference; fileEncoding = 4; lastKnownFileType = sourcecode.c.h; name = ClientLockHandler.h; path = TestCamera/VideoTeam/ClientLockHandler.h; sourceTree = "<group>"; };
		DAC984B8206628A2008DF06C /* Crop_YUVNV12_YUVNV21_Assembly_arm32.S */ = {isa = PBXFileReference; lastKnownFileType = sourcecode.asm; path = Crop_YUVNV12_YUVNV21_Assembly_arm32.S; sourceTree = "<group>"; };
		DAC984BE206661E9008DF06C /* ConvertNV21ToI420_arm64.S */ = {isa = PBXFileReference; lastKnownFileType = sourcecode.asm; path = ConvertNV21ToI420_arm64.S; sourceTree = "<group>"; };
		DAC984C220666201008DF06C /* ConvertNV21ToI420_arm32.S */ = {isa = PBXFileReference; lastKnownFileType = sourcecode.asm; path = ConvertNV21ToI420_arm32.S; sourceTree = "<group>"; };
/* End PBXFileReference section */

/* Begin PBXFrameworksBuildPhase section */
		1B867FD5139D4AD300AD6B47 /* Frameworks */ = {
			isa = PBXFrameworksBuildPhase;
			buildActionMask = 2147483647;
			files = (
				DA7FCB441E7512FE0035AA4C /* SystemConfiguration.framework in Frameworks */,
				DA7FCB3C1E7512710035AA4C /* MediaPlayer.framework in Frameworks */,
				DAA66F0D20398955006EB546 /* libAudioVideoEngine.a in Frameworks */,
				1B3C9A34139D4EAA0042676B /* ImageIO.framework in Frameworks */,
				DAA66F0F2039895E006EB546 /* libRingIDSDK.a in Frameworks */,
				1B3C9A32139D4E740042676B /* QuartzCore.framework in Frameworks */,
				1B3C9A30139D4E5F0042676B /* CoreMedia.framework in Frameworks */,
				1B867FE1139D4AD300AD6B47 /* CoreGraphics.framework in Frameworks */,
				1B3C9A2E139D4E350042676B /* AssetsLibrary.framework in Frameworks */,
				1B3C9A2C139D4E1C0042676B /* CoreImage.framework in Frameworks */,
				1B3C9A27139D4E0F0042676B /* CoreVideo.framework in Frameworks */,
				1B867FDD139D4AD300AD6B47 /* UIKit.framework in Frameworks */,
				1B867FDF139D4AD300AD6B47 /* Foundation.framework in Frameworks */,
			);
			runOnlyForDeploymentPostprocessing = 0;
		};
/* End PBXFrameworksBuildPhase section */

/* Begin PBXGroup section */
		18747B031BFDD0CD0010CAA3 /* VideoTeam */ = {
			isa = PBXGroup;
			children = (
				DA5222AA1DC5CF62000EB084 /* AverageCalculator.cpp */,
				DA5222AB1DC5CF62000EB084 /* AverageCalculator.h */,
				DAC7C1E81E7546180045242C /* ClientLockHandler.cpp */,
				DAC7C1E91E7546180045242C /* ClientLockHandler.h */,
				DAC7C1E31E7544850045242C /* ClientRenderingBuffer.cpp */,
				DAC7C1E41E7544850045242C /* ClientRenderingBuffer.h */,
				DA07AA601DE2C35900402BB9 /* Common.hpp */,
				DA07AA611DE2C3D800402BB9 /* Common.mm */,
				18747AE91BFDD0C50010CAA3 /* Constants.h */,
				18747AEA1BFDD0C50010CAA3 /* CustomPrintf.h */,
				DA971EFB1E07A9D600645151 /* FastBilateral.mm */,
				18747AEC1BFDD0C50010CAA3 /* MessageProcessor.mm */,
				18747AED1BFDD0C50010CAA3 /* MessageProcessor.hpp */,
				18747AEE1BFDD0C50010CAA3 /* RingBuffer.hpp */,
				18747AEF1BFDD0C50010CAA3 /* RingBuffer.mm */,
				DA7CE47F1E6FFD0D008895E5 /* RingIDSDK.h */,
				18747AF01BFDD0C50010CAA3 /* VideoAPI.hpp */,
				18747AF11BFDD0C50010CAA3 /* VideoAPI.mm */,
				18747AF21BFDD0C60010CAA3 /* VideoCameraProcessor.h */,
				18747AF31BFDD0C60010CAA3 /* VideoCameraProcessor.mm */,
				18747AF41BFDD0C60010CAA3 /* VideoConverter.hpp */,
				18747AF51BFDD0C60010CAA3 /* VideoConverter.mm */,
				18747AF61BFDD0C60010CAA3 /* VideoSockets.h */,
				18747AF71BFDD0C60010CAA3 /* VideoSockets.mm */,
				18747AF81BFDD0C60010CAA3 /* VideoThreadProcessor.h */,
				18747AF91BFDD0C60010CAA3 /* VideoThreadProcessor.mm */,
				DAAE44FD1F28BB4C00BC5FA1 /* TestNeonAssembly.cpp */,
				DAAE44FE1F28BB4C00BC5FA1 /* TestNeonAssembly.hpp */,
				DA5AF08B2073808C00AB603F /* BeautificationFilter.cpp */,
				DA5AF08C2073808C00AB603F /* BeautificationFilter.hpp */,
			);
			name = VideoTeam;
			sourceTree = "<group>";
		};
		1B867FCD139D4AD300AD6B47 = {
			isa = PBXGroup;
			children = (
				DAA66F0C20398955006EB546 /* libAudioVideoEngine.a */,
				DAA66F0E2039895E006EB546 /* libRingIDSDK.a */,
				DA7C89E51DEE91C2002C939F /* RingIDSDK.xcodeproj */,
				DABC85D31F65874100F25F17 /* AudioVideoEngine.xcodeproj */,
				2BA4850313F1E6AA000BABB3 /* TestCameraAppDelegate.h */,
				2BA4850413F1E6AA000BABB3 /* TestCameraAppDelegate.m */,
				DAB86FF42015C512004E0415 /* Info.plist */,
				DAB86FF32015C512004E0415 /* Prefix.pch */,
				2BA4851313F1E6DB000BABB3 /* main.mm */,
				DAB40B7F1FC150E3002FCE60 /* FileDump.h264 */,
				DAB40B7D1FC144F4002FCE60 /* Dump_h264_annexb_cut.h264 */,
				DA835D851E6C5A6200C75A79 /* AppAsset.xcassets */,
				DAB86FED2015C3F9004E0415 /* View */,
				DAB86FEC2015C3B6004E0415 /* Controller */,
				DAB86FE92015C31C004E0415 /* Assembly */,
				DA44BCB01E7690C000136F59 /* AudioTeam */,
				18747B031BFDD0CD0010CAA3 /* VideoTeam */,
				DA7B6B041E6D357700AC19C3 /* images */,
				1B867FDB139D4AD300AD6B47 /* Frameworks */,
				1B867FD9139D4AD300AD6B47 /* Products */,
				DA5D3D6C1F94B9BF00D611AB /* Recovered References */,
			);
			sourceTree = "<group>";
		};
		1B867FD9139D4AD300AD6B47 /* Products */ = {
			isa = PBXGroup;
			children = (
				1B867FD8139D4AD300AD6B47 /* MediaEngine.app */,
			);
			name = Products;
			sourceTree = "<group>";
		};
		1B867FDB139D4AD300AD6B47 /* Frameworks */ = {
			isa = PBXGroup;
			children = (
				DA7FCB431E7512FE0035AA4C /* SystemConfiguration.framework */,
				DA7FCB3B1E7512710035AA4C /* MediaPlayer.framework */,
				1B3C9A33139D4EAA0042676B /* ImageIO.framework */,
				1B3C9A31139D4E740042676B /* QuartzCore.framework */,
				1B3C9A2F139D4E5F0042676B /* CoreMedia.framework */,
				1B3C9A2D139D4E350042676B /* AssetsLibrary.framework */,
				1B3C9A2B139D4E1C0042676B /* CoreImage.framework */,
				1B3C9A29139D4E150042676B /* AVFoundation.framework */,
				1B3C9A26139D4E0F0042676B /* CoreVideo.framework */,
				1B867FDC139D4AD300AD6B47 /* UIKit.framework */,
				1B867FDE139D4AD300AD6B47 /* Foundation.framework */,
				1B867FE0139D4AD300AD6B47 /* CoreGraphics.framework */,
			);
			name = Frameworks;
			sourceTree = "<group>";
		};
		DA44BCB01E7690C000136F59 /* AudioTeam */ = {
			isa = PBXGroup;
			children = (
				DA7CE4801E6FFD97008895E5 /* AudioRouter.h */,
				DA7CE4811E6FFD97008895E5 /* AudioRouter.m */,
				DA7CE4821E6FFD97008895E5 /* AudioSessionManager.h */,
				DA7CE4831E6FFD97008895E5 /* AudioSessionManager.m */,
				DA7CE4841E6FFD97008895E5 /* BufferQueue.h */,
				DA7CE4851E6FFD97008895E5 /* BufferQueue.m */,
				DA7CE49A1E700092008895E5 /* CallCommonDefs.h */,
				DA7CE49B1E700092008895E5 /* CallCommonImports.h */,
				DA7CE4861E6FFD97008895E5 /* G729Wrapper.h */,
				DA7CE4871E6FFD97008895E5 /* G729Wrapper.mm */,
				DA7CE4881E6FFD97008895E5 /* RingCallAudioManager.h */,
				DA7CE4891E6FFD97008895E5 /* RingCallAudioManager.mm */,
				DA7CE48A1E6FFD97008895E5 /* SharkfoodMuteSwitchDetector.h */,
				DA7CE48B1E6FFD97008895E5 /* SharkfoodMuteSwitchDetector.m */,
				DA7CE4921E6FFE82008895E5 /* TPCircularBuffer.c */,
				DA7CE4931E6FFE82008895E5 /* TPCircularBuffer.h */,
				DA7CE4941E6FFE82008895E5 /* TPCircularBuffer+AudioBufferList.c */,
				DA7CE4951E6FFE82008895E5 /* TPCircularBuffer+AudioBufferList.h */,
				DA7CE49C1E700092008895E5 /* VoipConstants.h */,
			);
			name = AudioTeam;
			sourceTree = "<group>";
		};
		DA5D3D6C1F94B9BF00D611AB /* Recovered References */ = {
			isa = PBXGroup;
			children = (
				1B867FEE139D4AD300AD6B47 /* MainStoryboard_iPhone.storyboard */,
				1B867FF1139D4AD300AD6B47 /* MainStoryboard_iPad.storyboard */,
			);
			name = "Recovered References";
			sourceTree = "<group>";
		};
		DA7B6B041E6D357700AC19C3 /* images */ = {
			isa = PBXGroup;
			children = (
				DA7B6AF81E6D348500AC19C3 /* iPhone_2x_AppIcon.png */,
				DA7B6AF91E6D348500AC19C3 /* iPhone_2x_settings.png */,
				DA7B6AFA1E6D348500AC19C3 /* iPhone_2x_spotlight.png */,
				DA7B6AFB1E6D348500AC19C3 /* iphone_3x_appicon.png */,
				DA7B6AFC1E6D348500AC19C3 /* iphone_3x_settings.png */,
				DA7B6AFD1E6D348500AC19C3 /* iphone_3x_spotlight.png */,
				DA7B6AF61E6D30D300AC19C3 /* appIcon.png */,
				DA7B6AF21E6D2B6B00AC19C3 /* endBtn.png */,
				DA7B6AF31E6D2B6B00AC19C3 /* startBtn.png */,
			);
			name = images;
			sourceTree = "<group>";
		};
		DA7C89E61DEE91C2002C939F /* Products */ = {
			isa = PBXGroup;
			children = (
				DA7C89EA1DEE91C3002C939F /* libRingIDSDK.a */,
			);
			name = Products;
			sourceTree = "<group>";
		};
		DAB86FE92015C31C004E0415 /* Assembly */ = {
			isa = PBXGroup;
			children = (
				DAB86FEB2015C33A004E0415 /* arm64 */,
				DAB86FEA2015C335004E0415 /* arm32 */,
			);
			path = Assembly;
			sourceTree = "<group>";
		};
		DAB86FEA2015C335004E0415 /* arm32 */ = {
			isa = PBXGroup;
			children = (
				DAB86FF72015C586004E0415 /* DownScaleOneFourthAssembly.S */,
				DAB86FF82015C586004E0415 /* mirror_YUV420_Assembly.S */,
				DAB86FF62015C586004E0415 /* Neon_Assembly.S */,
				DAA14B72201887E600F0872F /* NE10_rotate.neon.S */,
				DAC984B8206628A2008DF06C /* Crop_YUVNV12_YUVNV21_Assembly_arm32.S */,
				DAC984C220666201008DF06C /* ConvertNV21ToI420_arm32.S */,
				DAA314482070A955007ACFB1 /* BeautificationFilterForChannel_arm_aarch32.S */,
			);
			path = arm32;
			sourceTree = "<group>";
		};
		DAB86FEB2015C33A004E0415 /* arm64 */ = {
			isa = PBXGroup;
			children = (
				DAB86FFD2015C58F004E0415 /* DownScaleOneFourthAssembly_arm64.S */,
				DAB86FFC2015C58F004E0415 /* mirror_YUV420_Assembly_arm64.S */,
				DAB86FFE2015C58F004E0415 /* Neon_Assembly_aarch64.S */,
				DA19F6D6201706500089C02D /* Rotate_Assembly_aarch64.S */,
				DA94BC4C205E7BBA00619B25 /* Crop_YUVNV12_YUVNV21_Assembly_arm64.S */,
				DAC984BE206661E9008DF06C /* ConvertNV21ToI420_arm64.S */,
				DAA314442070A93E007ACFB1 /* BeautificationFilterForChannel_arm_aarch64.S */,
			);
			path = arm64;
			sourceTree = "<group>";
		};
		DAB86FEC2015C3B6004E0415 /* Controller */ = {
			isa = PBXGroup;
			children = (
				2BA4850513F1E6AA000BABB3 /* TestCameraViewController.h */,
				2B0EF001170E3E27008EDA06 /* TestCameraViewController.mm */,
				DAB614C41FC04294009B497E /* ExternalVideoProcessingViewController.h */,
				DAB614C51FC04294009B497E /* ExternalVideoProcessingViewController.mm */,
			);
			path = Controller;
			sourceTree = "<group>";
		};
		DAB86FED2015C3F9004E0415 /* View */ = {
			isa = PBXGroup;
			children = (
				DAB86FEF2015C4B1004E0415 /* MainStoryboard_iPad.storyboard */,
				DAB86FEE2015C4B1004E0415 /* MainStoryboard_iPhone.storyboard */,
			);
			path = View;
			sourceTree = "<group>";
		};
		DABC85D41F65874100F25F17 /* Products */ = {
			isa = PBXGroup;
			children = (
				DABC85D81F65874100F25F17 /* libAudioVideoEngine.a */,
			);
			name = Products;
			sourceTree = "<group>";
		};
/* End PBXGroup section */

/* Begin PBXNativeTarget section */
		1B867FD7139D4AD300AD6B47 /* TestCamera */ = {
			isa = PBXNativeTarget;
			buildConfigurationList = 1B867FFA139D4AD300AD6B47 /* Build configuration list for PBXNativeTarget "TestCamera" */;
			buildPhases = (
				1B867FD4139D4AD300AD6B47 /* Sources */,
				1B867FD5139D4AD300AD6B47 /* Frameworks */,
				1B867FD6139D4AD300AD6B47 /* Resources */,
			);
			buildRules = (
			);
			dependencies = (
			);
			name = TestCamera;
			productName = StacheCam;
			productReference = 1B867FD8139D4AD300AD6B47 /* MediaEngine.app */;
			productType = "com.apple.product-type.application";
		};
/* End PBXNativeTarget section */

/* Begin PBXProject section */
		1B867FCF139D4AD300AD6B47 /* Project object */ = {
			isa = PBXProject;
			attributes = {
				LastUpgradeCheck = 0460;
				TargetAttributes = {
					1B867FD7139D4AD300AD6B47 = {
						ProvisioningStyle = Automatic;
						SystemCapabilities = {
							com.apple.BackgroundModes = {
								enabled = 1;
							};
						};
					};
				};
			};
			buildConfigurationList = 1B867FD2139D4AD300AD6B47 /* Build configuration list for PBXProject "TestCamera " */;
			compatibilityVersion = "Xcode 8.0";
			developmentRegion = English;
			hasScannedForEncodings = 0;
			knownRegions = (
				en,
			);
			mainGroup = 1B867FCD139D4AD300AD6B47;
			productRefGroup = 1B867FD9139D4AD300AD6B47 /* Products */;
			projectDirPath = "";
			projectReferences = (
				{
					ProductGroup = DABC85D41F65874100F25F17 /* Products */;
					ProjectRef = DABC85D31F65874100F25F17 /* AudioVideoEngine.xcodeproj */;
				},
				{
					ProductGroup = DA7C89E61DEE91C2002C939F /* Products */;
					ProjectRef = DA7C89E51DEE91C2002C939F /* RingIDSDK.xcodeproj */;
				},
			);
			projectRoot = "";
			targets = (
				1B867FD7139D4AD300AD6B47 /* TestCamera */,
			);
		};
/* End PBXProject section */

/* Begin PBXReferenceProxy section */
		DA7C89EA1DEE91C3002C939F /* libRingIDSDK.a */ = {
			isa = PBXReferenceProxy;
			fileType = archive.ar;
			path = libRingIDSDK.a;
			remoteRef = DA7C89E91DEE91C3002C939F /* PBXContainerItemProxy */;
			sourceTree = BUILT_PRODUCTS_DIR;
		};
		DABC85D81F65874100F25F17 /* libAudioVideoEngine.a */ = {
			isa = PBXReferenceProxy;
			fileType = archive.ar;
			path = libAudioVideoEngine.a;
			remoteRef = DABC85D71F65874100F25F17 /* PBXContainerItemProxy */;
			sourceTree = BUILT_PRODUCTS_DIR;
		};
/* End PBXReferenceProxy section */

/* Begin PBXResourcesBuildPhase section */
		1B867FD6139D4AD300AD6B47 /* Resources */ = {
			isa = PBXResourcesBuildPhase;
			buildActionMask = 2147483647;
			files = (
				DAB86FF12015C4B1004E0415 /* MainStoryboard_iPad.storyboard in Resources */,
				DAB86FF02015C4B1004E0415 /* MainStoryboard_iPhone.storyboard in Resources */,
				DA7B6B021E6D348500AC19C3 /* iphone_3x_settings.png in Resources */,
				DA7B6AF41E6D2B6B00AC19C3 /* endBtn.png in Resources */,
				DA7B6AF51E6D2B6B00AC19C3 /* startBtn.png in Resources */,
				DA7B6AF71E6D30D300AC19C3 /* appIcon.png in Resources */,
				1B867FF0139D4AD300AD6B47 /* MainStoryboard_iPhone.storyboard in Resources */,
				DAB40B801FC150E4002FCE60 /* FileDump.h264 in Resources */,
				DA7B6AFE1E6D348500AC19C3 /* iPhone_2x_AppIcon.png in Resources */,
				DA835D861E6C5A6200C75A79 /* AppAsset.xcassets in Resources */,
				DAB86FF52015C512004E0415 /* Info.plist in Resources */,
				DA7B6B031E6D348500AC19C3 /* iphone_3x_spotlight.png in Resources */,
				DA7B6B011E6D348500AC19C3 /* iphone_3x_appicon.png in Resources */,
				DA7B6B001E6D348500AC19C3 /* iPhone_2x_spotlight.png in Resources */,
				DAB40B7E1FC144F4002FCE60 /* Dump_h264_annexb_cut.h264 in Resources */,
				1B867FF3139D4AD300AD6B47 /* MainStoryboard_iPad.storyboard in Resources */,
				DA7B6AFF1E6D348500AC19C3 /* iPhone_2x_settings.png in Resources */,
			);
			runOnlyForDeploymentPostprocessing = 0;
		};
/* End PBXResourcesBuildPhase section */

/* Begin PBXSourcesBuildPhase section */
		1B867FD4139D4AD300AD6B47 /* Sources */ = {
			isa = PBXSourcesBuildPhase;
			buildActionMask = 2147483647;
			files = (
				DA7CE4961E6FFE82008895E5 /* TPCircularBuffer.c in Sources */,
				DA7CE48F1E6FFD97008895E5 /* G729Wrapper.mm in Sources */,
				18747B021BFDD0C60010CAA3 /* VideoThreadProcessor.mm in Sources */,
				DAB614C61FC04294009B497E /* ExternalVideoProcessingViewController.mm in Sources */,
				DA7CE48D1E6FFD97008895E5 /* AudioSessionManager.m in Sources */,
				DAC984C320666201008DF06C /* ConvertNV21ToI420_arm32.S in Sources */,
				DAB870012015C58F004E0415 /* Neon_Assembly_aarch64.S in Sources */,
				DAA314492070A955007ACFB1 /* BeautificationFilterForChannel_arm_aarch32.S in Sources */,
				DAB86FFA2015C586004E0415 /* DownScaleOneFourthAssembly.S in Sources */,
				DAB870002015C58F004E0415 /* DownScaleOneFourthAssembly_arm64.S in Sources */,
				DA94BC4D205E7BBA00619B25 /* Crop_YUVNV12_YUVNV21_Assembly_arm64.S in Sources */,
				18747B011BFDD0C60010CAA3 /* VideoSockets.mm in Sources */,
				DAB86FFF2015C58F004E0415 /* mirror_YUV420_Assembly_arm64.S in Sources */,
				2BA4850713F1E6AA000BABB3 /* TestCameraAppDelegate.m in Sources */,
				DAC7C1E51E7544850045242C /* ClientRenderingBuffer.cpp in Sources */,
				DAC7C1EC1E7546180045242C /* ClientLockHandler.cpp in Sources */,
				DA7CE4901E6FFD97008895E5 /* RingCallAudioManager.mm in Sources */,
				18747B001BFDD0C60010CAA3 /* VideoConverter.mm in Sources */,
				DA07AA621DE2C3D800402BB9 /* Common.mm in Sources */,
				DAC984BF206661E9008DF06C /* ConvertNV21ToI420_arm64.S in Sources */,
				DA19F6D9201706500089C02D /* Rotate_Assembly_aarch64.S in Sources */,
				DA7CE4911E6FFD97008895E5 /* SharkfoodMuteSwitchDetector.m in Sources */,
				DAAE44FF1F28BB4C00BC5FA1 /* TestNeonAssembly.cpp in Sources */,
				2BA4851713F1E6DB000BABB3 /* main.mm in Sources */,
				DA7CE48C1E6FFD97008895E5 /* AudioRouter.m in Sources */,
				DAC984B9206628A2008DF06C /* Crop_YUVNV12_YUVNV21_Assembly_arm32.S in Sources */,
				2B0EF002170E3E27008EDA06 /* TestCameraViewController.mm in Sources */,
				DA5222AC1DC5CF62000EB084 /* AverageCalculator.cpp in Sources */,
				18747AFD1BFDD0C60010CAA3 /* RingBuffer.mm in Sources */,
				DAB86FFB2015C586004E0415 /* mirror_YUV420_Assembly.S in Sources */,
				DA7CE4971E6FFE82008895E5 /* TPCircularBuffer+AudioBufferList.c in Sources */,
				18747AFC1BFDD0C60010CAA3 /* MessageProcessor.mm in Sources */,
				DAA314452070A93E007ACFB1 /* BeautificationFilterForChannel_arm_aarch64.S in Sources */,
				DAB86FF92015C586004E0415 /* Neon_Assembly.S in Sources */,
				DAA14B75201887E600F0872F /* NE10_rotate.neon.S in Sources */,
				18747AFF1BFDD0C60010CAA3 /* VideoCameraProcessor.mm in Sources */,
				18747AFE1BFDD0C60010CAA3 /* VideoAPI.mm in Sources */,
				DA971EFC1E07A9D600645151 /* FastBilateral.mm in Sources */,
				DA5AF08D2073808C00AB603F /* BeautificationFilter.cpp in Sources */,
				DA7CE48E1E6FFD97008895E5 /* BufferQueue.m in Sources */,
			);
			runOnlyForDeploymentPostprocessing = 0;
		};
/* End PBXSourcesBuildPhase section */

/* Begin PBXVariantGroup section */
		1B867FEE139D4AD300AD6B47 /* MainStoryboard_iPhone.storyboard */ = {
			isa = PBXVariantGroup;
			children = (
			);
			name = MainStoryboard_iPhone.storyboard;
			path = "/Users/edward/Downloads/AVFoundation Samples/419-Capturing from the Camera using AV Foundation on iOS 5/TestCamera/StacheCam";
			sourceTree = "<absolute>";
		};
		1B867FF1139D4AD300AD6B47 /* MainStoryboard_iPad.storyboard */ = {
			isa = PBXVariantGroup;
			children = (
			);
			name = MainStoryboard_iPad.storyboard;
			path = "/Users/edward/Downloads/AVFoundation Samples/419-Capturing from the Camera using AV Foundation on iOS 5/TestCamera/StacheCam";
			sourceTree = "<absolute>";
		};
/* End PBXVariantGroup section */

/* Begin XCBuildConfiguration section */
		1B867FF8139D4AD300AD6B47 /* Debug */ = {
			isa = XCBuildConfiguration;
			buildSettings = {
				ALWAYS_SEARCH_USER_PATHS = NO;
				ARCHS = "$(ARCHS_STANDARD_32_BIT)";
				CLANG_ENABLE_OBJC_ARC = YES;
				CLANG_WARN_CONSTANT_CONVERSION = YES;
				CLANG_WARN_ENUM_CONVERSION = YES;
				CLANG_WARN_INT_CONVERSION = YES;
				CLANG_WARN__DUPLICATE_METHOD_MATCH = YES;
				CODE_SIGN_IDENTITY = "iPhone Developer";
				"CODE_SIGN_IDENTITY[sdk=iphoneos*]" = "iPhone Developer";
				COPY_PHASE_STRIP = NO;
				GCC_C_LANGUAGE_STANDARD = gnu99;
				GCC_DYNAMIC_NO_PIC = NO;
				GCC_OPTIMIZATION_LEVEL = 0;
				GCC_PREPROCESSOR_DEFINITIONS = (
					"DEBUG=1",
					"$(inherited)",
				);
				"GCC_PREPROCESSOR_DEFINITIONS[sdk=iphoneos*][arch=arm64]" = HAVE_NEON_AARCH64;
				"GCC_PREPROCESSOR_DEFINITIONS[sdk=iphoneos*][arch=armv7]" = HAVE_NEON;
				"GCC_PREPROCESSOR_DEFINITIONS[sdk=iphoneos*][arch=armv7s]" = HAVE_NEON;
				GCC_SYMBOLS_PRIVATE_EXTERN = NO;
				GCC_VERSION = com.apple.compilers.llvm.clang.1_0;
				GCC_WARN_ABOUT_MISSING_PROTOTYPES = YES;
				GCC_WARN_ABOUT_RETURN_TYPE = YES;
				GCC_WARN_UNINITIALIZED_AUTOS = YES;
				GCC_WARN_UNUSED_VARIABLE = YES;
				INFOPLIST_FILE = Info.plist;
				IPHONEOS_DEPLOYMENT_TARGET = 7.0;
				PROVISIONING_PROFILE = "";
				SDKROOT = iphoneos;
				TARGETED_DEVICE_FAMILY = "1,2";
			};
			name = Debug;
		};
		1B867FF9139D4AD300AD6B47 /* Release */ = {
			isa = XCBuildConfiguration;
			buildSettings = {
				ALWAYS_SEARCH_USER_PATHS = NO;
				ARCHS = "$(ARCHS_STANDARD_32_BIT)";
				CLANG_ENABLE_OBJC_ARC = YES;
				CLANG_WARN_CONSTANT_CONVERSION = YES;
				CLANG_WARN_ENUM_CONVERSION = YES;
				CLANG_WARN_INT_CONVERSION = YES;
				CLANG_WARN__DUPLICATE_METHOD_MATCH = YES;
				CODE_SIGN_IDENTITY = "iPhone Developer";
				"CODE_SIGN_IDENTITY[sdk=iphoneos*]" = "iPhone Developer";
				COPY_PHASE_STRIP = YES;
				GCC_C_LANGUAGE_STANDARD = gnu99;
				GCC_VERSION = com.apple.compilers.llvm.clang.1_0;
				GCC_WARN_ABOUT_MISSING_PROTOTYPES = YES;
				GCC_WARN_ABOUT_RETURN_TYPE = YES;
				GCC_WARN_UNINITIALIZED_AUTOS = YES;
				GCC_WARN_UNUSED_VARIABLE = YES;
				INFOPLIST_FILE = Info.plist;
				IPHONEOS_DEPLOYMENT_TARGET = 7.0;
				OTHER_CFLAGS = "-DNS_BLOCK_ASSERTIONS=1";
				PROVISIONING_PROFILE = "";
				SDKROOT = iphoneos;
				TARGETED_DEVICE_FAMILY = "1,2";
				VALIDATE_PRODUCT = YES;
			};
			name = Release;
		};
		1B867FFB139D4AD300AD6B47 /* Debug */ = {
			isa = XCBuildConfiguration;
			buildSettings = {
				ARCHS = "$(ARCHS_STANDARD)";
				ASSETCATALOG_COMPILER_APPICON_NAME = AppIcon;
				ASSETCATALOG_COMPILER_LAUNCHIMAGE_NAME = LaunchImage;
				CLANG_CXX_LIBRARY = "libc++";
				CLANG_ENABLE_MODULES = YES;
				CLANG_ENABLE_OBJC_ARC = NO;
				CODE_SIGN_IDENTITY = "iPhone Developer";
				"CODE_SIGN_IDENTITY[sdk=iphoneos*]" = "iPhone Developer";
				CODE_SIGN_STYLE = Automatic;
				DEVELOPMENT_TEAM = MB952926M3;
				ENABLE_BITCODE = NO;
				FRAMEWORK_SEARCH_PATHS = (
					"$(inherited)",
					"$(PROJECT_DIR)/Audio",
					"$(PROJECT_DIR)/RingCallModule/RingCallModuleFIles/Frameworks",
				);
				GCC_PRECOMPILE_PREFIX_HEADER = YES;
				GCC_PREFIX_HEADER = TestCamera/Prefix.pch;
				HEADER_SEARCH_PATHS = (
					"$(inherited)",
					"\"$(SRCROOT)/include\"",
				);
				INFOPLIST_FILE = TestCamera/Info.plist;
				IPHONEOS_DEPLOYMENT_TARGET = 7.0;
				LIBRARY_SEARCH_PATHS = (
					"$(inherited)",
					"$(PROJECT_DIR)",
					"$(PROJECT_DIR)/TestCamera/VideoTeam",
					"$(PROJECT_DIR)/Audio/IPVConnectivityFramework/lib",
					"$(PROJECT_DIR)/RingCallModule/RingCallModuleFIles/Frameworks/IPVConnectivityFramework/lib",
					"$(PROJECT_DIR)/TestCamera/NATTraversalTeam",
					"$(PROJECT_DIR)/NATTraversalTeam",
					"$(PROJECT_DIR)/TestCamera",
					"$(PROJECT_DIR)/Build/Products/Debug-iphoneos",
					"$(PROJECT_DIR)/Build/Products/Debug-universal",
					"$(PROJECT_DIR)/Build/Products/Release-universal",
					"$(PROJECT_DIR)/Build/Products/Release-iphoneos",
				);
				ONLY_ACTIVE_ARCH = YES;
				OTHER_CPLUSPLUSFLAGS = (
					"$(OTHER_CFLAGS)",
					"-DTARGET_OS_IPHONE",
				);
				OTHER_LDFLAGS = "-ObjC";
				PRODUCT_BUNDLE_IDENTIFIER = com.apple.TestCamera;
				PRODUCT_NAME = MediaEngine;
				PROVISIONING_PROFILE = "";
				PROVISIONING_PROFILE_SPECIFIER = "";
				TARGETED_DEVICE_FAMILY = 1;
				WRAPPER_EXTENSION = app;
			};
			name = Debug;
		};
		1B867FFC139D4AD300AD6B47 /* Release */ = {
			isa = XCBuildConfiguration;
			buildSettings = {
				ARCHS = "$(ARCHS_STANDARD)";
				ASSETCATALOG_COMPILER_APPICON_NAME = AppIcon;
				ASSETCATALOG_COMPILER_LAUNCHIMAGE_NAME = LaunchImage;
				CLANG_CXX_LIBRARY = "libc++";
				CLANG_ENABLE_MODULES = YES;
				CLANG_ENABLE_OBJC_ARC = NO;
				CODE_SIGN_IDENTITY = "iPhone Developer";
				"CODE_SIGN_IDENTITY[sdk=iphoneos*]" = "iPhone Developer";
				CODE_SIGN_STYLE = Automatic;
				DEVELOPMENT_TEAM = MB952926M3;
				ENABLE_BITCODE = NO;
				FRAMEWORK_SEARCH_PATHS = (
					"$(inherited)",
					"$(PROJECT_DIR)/Audio",
					"$(PROJECT_DIR)/RingCallModule/RingCallModuleFIles/Frameworks",
				);
				GCC_GENERATE_DEBUGGING_SYMBOLS = YES;
				GCC_PRECOMPILE_PREFIX_HEADER = YES;
				GCC_PREFIX_HEADER = TestCamera/Prefix.pch;
				GCC_PREPROCESSOR_DEFINITIONS = "";
				"GCC_PREPROCESSOR_DEFINITIONS[sdk=iphoneos*][arch=arm64]" = HAVE_NEON_AARCH64;
				"GCC_PREPROCESSOR_DEFINITIONS[sdk=iphoneos*][arch=armv7]" = HAVE_NEON;
				"GCC_PREPROCESSOR_DEFINITIONS[sdk=iphoneos*][arch=armv7s]" = HAVE_NEON;
				HEADER_SEARCH_PATHS = (
					"$(inherited)",
					"\"$(SRCROOT)/include\"",
				);
				INFOPLIST_FILE = TestCamera/Info.plist;
				IPHONEOS_DEPLOYMENT_TARGET = 7.0;
				LIBRARY_SEARCH_PATHS = (
					"$(inherited)",
					"$(PROJECT_DIR)",
					"$(PROJECT_DIR)/TestCamera/VideoTeam",
					"$(PROJECT_DIR)/Audio/IPVConnectivityFramework/lib",
					"$(PROJECT_DIR)/RingCallModule/RingCallModuleFIles/Frameworks/IPVConnectivityFramework/lib",
					"$(PROJECT_DIR)/TestCamera/NATTraversalTeam",
					"$(PROJECT_DIR)/NATTraversalTeam",
					"$(PROJECT_DIR)/TestCamera",
					"$(PROJECT_DIR)/Build/Products/Debug-iphoneos",
					"$(PROJECT_DIR)/Build/Products/Debug-universal",
					"$(PROJECT_DIR)/Build/Products/Release-universal",
					"$(PROJECT_DIR)/Build/Products/Release-iphoneos",
				);
				ONLY_ACTIVE_ARCH = YES;
				OTHER_CFLAGS = "-DNS_BLOCK_ASSERTIONS=1";
				OTHER_CPLUSPLUSFLAGS = (
					"$(OTHER_CFLAGS)",
					"-DTARGET_OS_IPHONE",
				);
				OTHER_LDFLAGS = "-ObjC";
				PRODUCT_BUNDLE_IDENTIFIER = com.apple.TestCamera;
				PRODUCT_NAME = MediaEngine;
				PROVISIONING_PROFILE = "";
				PROVISIONING_PROFILE_SPECIFIER = "";
				TARGETED_DEVICE_FAMILY = 1;
				WRAPPER_EXTENSION = app;
			};
			name = Release;
		};
/* End XCBuildConfiguration section */

/* Begin XCConfigurationList section */
		1B867FD2139D4AD300AD6B47 /* Build configuration list for PBXProject "TestCamera " */ = {
			isa = XCConfigurationList;
			buildConfigurations = (
				1B867FF8139D4AD300AD6B47 /* Debug */,
				1B867FF9139D4AD300AD6B47 /* Release */,
			);
			defaultConfigurationIsVisible = 0;
			defaultConfigurationName = Release;
		};
		1B867FFA139D4AD300AD6B47 /* Build configuration list for PBXNativeTarget "TestCamera" */ = {
			isa = XCConfigurationList;
			buildConfigurations = (
				1B867FFB139D4AD300AD6B47 /* Debug */,
				1B867FFC139D4AD300AD6B47 /* Release */,
			);
			defaultConfigurationIsVisible = 0;
			defaultConfigurationName = Release;
		};
/* End XCConfigurationList section */
	};
	rootObject = 1B867FCF139D4AD300AD6B47 /* Project object */;
}
